// !$*UTF8*$!
{
	archiveVersion = 1;
	classes = {
	};
	objectVersion = 46;
	objects = {

/* Begin PBXBuildFile section */
		9E06D64D1B243BC80033AA4E /* Media.swift in Sources */ = {isa = PBXBuildFile; fileRef = 9E06D64C1B243BC80033AA4E /* Media.swift */; };
		9E06D6501B255E920033AA4E /* Communications.swift in Sources */ = {isa = PBXBuildFile; fileRef = 9E06D64F1B255E920033AA4E /* Communications.swift */; };
		9E06D6521B2561EA0033AA4E /* ArticleListCell.swift in Sources */ = {isa = PBXBuildFile; fileRef = 9E06D6511B2561EA0033AA4E /* ArticleListCell.swift */; };
		9E3DA6311C5E09E500613DCA /* Cartfile in Resources */ = {isa = PBXBuildFile; fileRef = 9E3DA6301C5E09E500613DCA /* Cartfile */; };
		9E52C0601C6CF66A003E7C4A /* ImageFilter.swift in Sources */ = {isa = PBXBuildFile; fileRef = 9E52C05F1C6CF66A003E7C4A /* ImageFilter.swift */; };
		9E9A0BA91C51729D0038FB47 /* ArrayExtension.swift in Sources */ = {isa = PBXBuildFile; fileRef = 9E9A0BA81C51729D0038FB47 /* ArrayExtension.swift */; };
		9E9A0BAB1C51732D0038FB47 /* ArrayExtensionTest.swift in Sources */ = {isa = PBXBuildFile; fileRef = 9E9A0BAA1C51732D0038FB47 /* ArrayExtensionTest.swift */; };
		9E9A0BAC1C51740B0038FB47 /* ArrayExtension.swift in Sources */ = {isa = PBXBuildFile; fileRef = 9E9A0BA81C51729D0038FB47 /* ArrayExtension.swift */; };
		9EA083A51BFB097900EA0B69 /* Identifiers.swift in Sources */ = {isa = PBXBuildFile; fileRef = 9EA083A41BFB097900EA0B69 /* Identifiers.swift */; };
		9EA083A91BFBBAFB00EA0B69 /* NY Newswire API.rtf in Resources */ = {isa = PBXBuildFile; fileRef = 9EA083A81BFBBAFB00EA0B69 /* NY Newswire API.rtf */; };
		9EAC25001C13679E008128B8 /* ArticleListController.swift in Sources */ = {isa = PBXBuildFile; fileRef = 9EAC24FF1C13679E008128B8 /* ArticleListController.swift */; };
		9EB719C41C10DF8500F922C1 /* NYResponse.swift in Sources */ = {isa = PBXBuildFile; fileRef = 9EB719C31C10DF8500F922C1 /* NYResponse.swift */; };
		9EBF05711B22E96700241111 /* AppDelegate.swift in Sources */ = {isa = PBXBuildFile; fileRef = 9EBF05701B22E96700241111 /* AppDelegate.swift */; };
		9EBF05761B22E96700241111 /* Main.storyboard in Resources */ = {isa = PBXBuildFile; fileRef = 9EBF05741B22E96700241111 /* Main.storyboard */; };
		9EBF05781B22E96700241111 /* Images.xcassets in Resources */ = {isa = PBXBuildFile; fileRef = 9EBF05771B22E96700241111 /* Images.xcassets */; };
		9EBF05931B22EBF800241111 /* Article.swift in Sources */ = {isa = PBXBuildFile; fileRef = 9EBF05901B22EBF800241111 /* Article.swift */; };
		9EBF05941B22EBF800241111 /* ArticleTableView.swift in Sources */ = {isa = PBXBuildFile; fileRef = 9EBF05911B22EBF800241111 /* ArticleTableView.swift */; };
		9EBF05951B22EBF800241111 /* Configuration.swift in Sources */ = {isa = PBXBuildFile; fileRef = 9EBF05921B22EBF800241111 /* Configuration.swift */; };
		9EE99F931CA6B6590090F845 /* Documentation.md in Sources */ = {isa = PBXBuildFile; fileRef = 9EE99F921CA6B6590090F845 /* Documentation.md */; };
		9EEB5A381C20A8AD00184AA9 /* ArticleDetailViewController.swift in Sources */ = {isa = PBXBuildFile; fileRef = 9EEB5A371C20A8AD00184AA9 /* ArticleDetailViewController.swift */; };
/* End PBXBuildFile section */

/* Begin PBXContainerItemProxy section */
		9EBF05811B22E96700241111 /* PBXContainerItemProxy */ = {
			isa = PBXContainerItemProxy;
			containerPortal = 9EBF05631B22E96700241111 /* Project object */;
			proxyType = 1;
			remoteGlobalIDString = 9EBF056A1B22E96700241111;
			remoteInfo = WorldNews;
		};
/* End PBXContainerItemProxy section */

/* Begin PBXCopyFilesBuildPhase section */
		9EA083B21BFBC53500EA0B69 /* Embed Frameworks */ = {
			isa = PBXCopyFilesBuildPhase;
			buildActionMask = 2147483647;
			dstPath = "";
			dstSubfolderSpec = 10;
			files = (
			);
			name = "Embed Frameworks";
			runOnlyForDeploymentPostprocessing = 0;
		};
/* End PBXCopyFilesBuildPhase section */

/* Begin PBXFileReference section */
		9E06D64C1B243BC80033AA4E /* Media.swift */ = {isa = PBXFileReference; fileEncoding = 4; lastKnownFileType = sourcecode.swift; path = Media.swift; sourceTree = "<group>"; };
		9E06D64F1B255E920033AA4E /* Communications.swift */ = {isa = PBXFileReference; fileEncoding = 4; lastKnownFileType = sourcecode.swift; path = Communications.swift; sourceTree = "<group>"; };
		9E06D6511B2561EA0033AA4E /* ArticleListCell.swift */ = {isa = PBXFileReference; fileEncoding = 4; lastKnownFileType = sourcecode.swift; path = ArticleListCell.swift; sourceTree = "<group>"; };
		9E3DA6301C5E09E500613DCA /* Cartfile */ = {isa = PBXFileReference; fileEncoding = 4; lastKnownFileType = text; path = Cartfile; sourceTree = "<group>"; };
		9E52C05F1C6CF66A003E7C4A /* ImageFilter.swift */ = {isa = PBXFileReference; fileEncoding = 4; lastKnownFileType = sourcecode.swift; path = ImageFilter.swift; sourceTree = "<group>"; };
		9E9A0BA81C51729D0038FB47 /* ArrayExtension.swift */ = {isa = PBXFileReference; fileEncoding = 4; lastKnownFileType = sourcecode.swift; path = ArrayExtension.swift; sourceTree = "<group>"; };
		9E9A0BAA1C51732D0038FB47 /* ArrayExtensionTest.swift */ = {isa = PBXFileReference; fileEncoding = 4; lastKnownFileType = sourcecode.swift; path = ArrayExtensionTest.swift; sourceTree = "<group>"; };
		9EA083A41BFB097900EA0B69 /* Identifiers.swift */ = {isa = PBXFileReference; fileEncoding = 4; lastKnownFileType = sourcecode.swift; path = Identifiers.swift; sourceTree = "<group>"; };
		9EA083A81BFBBAFB00EA0B69 /* NY Newswire API.rtf */ = {isa = PBXFileReference; fileEncoding = 4; lastKnownFileType = text.rtf; path = "NY Newswire API.rtf"; sourceTree = "<group>"; };
		9EAC24FF1C13679E008128B8 /* ArticleListController.swift */ = {isa = PBXFileReference; fileEncoding = 4; lastKnownFileType = sourcecode.swift; path = ArticleListController.swift; sourceTree = "<group>"; };
		9EB719C31C10DF8500F922C1 /* NYResponse.swift */ = {isa = PBXFileReference; fileEncoding = 4; lastKnownFileType = sourcecode.swift; path = NYResponse.swift; sourceTree = "<group>"; };
		9EBF056B1B22E96700241111 /* WorldNews.app */ = {isa = PBXFileReference; explicitFileType = wrapper.application; includeInIndex = 0; path = WorldNews.app; sourceTree = BUILT_PRODUCTS_DIR; };
		9EBF056F1B22E96700241111 /* Info.plist */ = {isa = PBXFileReference; lastKnownFileType = text.plist.xml; path = Info.plist; sourceTree = "<group>"; };
		9EBF05701B22E96700241111 /* AppDelegate.swift */ = {isa = PBXFileReference; lastKnownFileType = sourcecode.swift; path = AppDelegate.swift; sourceTree = "<group>"; };
		9EBF05751B22E96700241111 /* Base */ = {isa = PBXFileReference; lastKnownFileType = file.storyboard; name = Base; path = Base.lproj/Main.storyboard; sourceTree = "<group>"; };
		9EBF05771B22E96700241111 /* Images.xcassets */ = {isa = PBXFileReference; lastKnownFileType = folder.assetcatalog; path = Images.xcassets; sourceTree = "<group>"; };
		9EBF05801B22E96700241111 /* WorldNewsTests.xctest */ = {isa = PBXFileReference; explicitFileType = wrapper.cfbundle; includeInIndex = 0; path = WorldNewsTests.xctest; sourceTree = BUILT_PRODUCTS_DIR; };
		9EBF05851B22E96700241111 /* Info.plist */ = {isa = PBXFileReference; lastKnownFileType = text.plist.xml; path = Info.plist; sourceTree = "<group>"; };
		9EBF05901B22EBF800241111 /* Article.swift */ = {isa = PBXFileReference; fileEncoding = 4; lastKnownFileType = sourcecode.swift; path = Article.swift; sourceTree = "<group>"; };
		9EBF05911B22EBF800241111 /* ArticleTableView.swift */ = {isa = PBXFileReference; fileEncoding = 4; lastKnownFileType = sourcecode.swift; path = ArticleTableView.swift; sourceTree = "<group>"; };
		9EBF05921B22EBF800241111 /* Configuration.swift */ = {isa = PBXFileReference; fileEncoding = 4; lastKnownFileType = sourcecode.swift; path = Configuration.swift; sourceTree = "<group>"; };
		9EE99F921CA6B6590090F845 /* Documentation.md */ = {isa = PBXFileReference; fileEncoding = 4; lastKnownFileType = net.daringfireball.markdown; path = Documentation.md; sourceTree = SOURCE_ROOT; };
		9EEB5A371C20A8AD00184AA9 /* ArticleDetailViewController.swift */ = {isa = PBXFileReference; fileEncoding = 4; lastKnownFileType = sourcecode.swift; path = ArticleDetailViewController.swift; sourceTree = "<group>"; };
/* End PBXFileReference section */

/* Begin PBXFrameworksBuildPhase section */
		9EBF05681B22E96700241111 /* Frameworks */ = {
			isa = PBXFrameworksBuildPhase;
			buildActionMask = 2147483647;
			files = (
			);
			runOnlyForDeploymentPostprocessing = 0;
		};
		9EBF057D1B22E96700241111 /* Frameworks */ = {
			isa = PBXFrameworksBuildPhase;
			buildActionMask = 2147483647;
			files = (
			);
			runOnlyForDeploymentPostprocessing = 0;
		};
/* End PBXFrameworksBuildPhase section */

/* Begin PBXGroup section */
		8A59D2E66D0055ABF567AC35 /* Frameworks */ = {
			isa = PBXGroup;
			children = (
			);
			name = Frameworks;
			sourceTree = "<group>";
		};
		9E9A0BA31C5171C70038FB47 /* Model */ = {
			isa = PBXGroup;
			children = (
				9EBF05901B22EBF800241111 /* Article.swift */,
				9EB719C31C10DF8500F922C1 /* NYResponse.swift */,
				9E06D64C1B243BC80033AA4E /* Media.swift */,
			);
			name = Model;
			sourceTree = "<group>";
		};
		9E9A0BA41C5171D50038FB47 /* Communication */ = {
			isa = PBXGroup;
			children = (
				9EBF05921B22EBF800241111 /* Configuration.swift */,
				9E06D64F1B255E920033AA4E /* Communications.swift */,
			);
			name = Communication;
			sourceTree = "<group>";
		};
		9E9A0BA51C5171E60038FB47 /* ArticleList */ = {
			isa = PBXGroup;
			children = (
				9EAC24FF1C13679E008128B8 /* ArticleListController.swift */,
				9EBF05911B22EBF800241111 /* ArticleTableView.swift */,
				9E06D6511B2561EA0033AA4E /* ArticleListCell.swift */,
			);
			name = ArticleList;
			sourceTree = "<group>";
		};
		9E9A0BA61C5171F90038FB47 /* ArticleDetail */ = {
			isa = PBXGroup;
			children = (
				9EEB5A371C20A8AD00184AA9 /* ArticleDetailViewController.swift */,
			);
			name = ArticleDetail;
			sourceTree = "<group>";
		};
		9E9A0BA71C51720B0038FB47 /* Utilities */ = {
			isa = PBXGroup;
			children = (
				9EA083A41BFB097900EA0B69 /* Identifiers.swift */,
				9E9A0BA81C51729D0038FB47 /* ArrayExtension.swift */,
				9E52C05F1C6CF66A003E7C4A /* ImageFilter.swift */,
			);
			name = Utilities;
			sourceTree = "<group>";
		};
		9EBF05621B22E96700241111 = {
			isa = PBXGroup;
			children = (
				9EBF056D1B22E96700241111 /* WorldNews */,
				9EBF05831B22E96700241111 /* WorldNewsTests */,
				9EBF056C1B22E96700241111 /* Products */,
				8A59D2E66D0055ABF567AC35 /* Frameworks */,
			);
			sourceTree = "<group>";
		};
		9EBF056C1B22E96700241111 /* Products */ = {
			isa = PBXGroup;
			children = (
				9EBF056B1B22E96700241111 /* WorldNews.app */,
				9EBF05801B22E96700241111 /* WorldNewsTests.xctest */,
			);
			name = Products;
			sourceTree = "<group>";
		};
		9EBF056D1B22E96700241111 /* WorldNews */ = {
			isa = PBXGroup;
			children = (
				9EBF05701B22E96700241111 /* AppDelegate.swift */,
				9E9A0BA31C5171C70038FB47 /* Model */,
				9E9A0BA41C5171D50038FB47 /* Communication */,
				9E9A0BA71C51720B0038FB47 /* Utilities */,
				9E9A0BA51C5171E60038FB47 /* ArticleList */,
				9E9A0BA61C5171F90038FB47 /* ArticleDetail */,
				9EBF056E1B22E96700241111 /* Supporting Files */,
			);
			path = WorldNews;
			sourceTree = "<group>";
		};
		9EBF056E1B22E96700241111 /* Supporting Files */ = {
			isa = PBXGroup;
			children = (
				9EBF05741B22E96700241111 /* Main.storyboard */,
				9E3DA6301C5E09E500613DCA /* Cartfile */,
				9EBF05771B22E96700241111 /* Images.xcassets */,
				9EBF056F1B22E96700241111 /* Info.plist */,
				9EA083A81BFBBAFB00EA0B69 /* NY Newswire API.rtf */,
				9EE99F921CA6B6590090F845 /* Documentation.md */,
			);
			name = "Supporting Files";
			sourceTree = "<group>";
		};
		9EBF05831B22E96700241111 /* WorldNewsTests */ = {
			isa = PBXGroup;
			children = (
				9E9A0BAA1C51732D0038FB47 /* ArrayExtensionTest.swift */,
				9EBF05841B22E96700241111 /* Supporting Files */,
			);
			path = WorldNewsTests;
			sourceTree = "<group>";
		};
		9EBF05841B22E96700241111 /* Supporting Files */ = {
			isa = PBXGroup;
			children = (
				9EBF05851B22E96700241111 /* Info.plist */,
			);
			name = "Supporting Files";
			sourceTree = "<group>";
		};
/* End PBXGroup section */

/* Begin PBXNativeTarget section */
		9EBF056A1B22E96700241111 /* WorldNews */ = {
			isa = PBXNativeTarget;
			buildConfigurationList = 9EBF058A1B22E96700241111 /* Build configuration list for PBXNativeTarget "WorldNews" */;
			buildPhases = (
				9EBF05671B22E96700241111 /* Sources */,
				9EBF05681B22E96700241111 /* Frameworks */,
				9EBF05691B22E96700241111 /* Resources */,
				9EA083B21BFBC53500EA0B69 /* Embed Frameworks */,
				9E0BD0DF1C53F58C007BEACC /* Carthage */,
			);
			buildRules = (
			);
			dependencies = (
			);
			name = WorldNews;
			productName = WorldNews;
			productReference = 9EBF056B1B22E96700241111 /* WorldNews.app */;
			productType = "com.apple.product-type.application";
		};
		9EBF057F1B22E96700241111 /* WorldNewsTests */ = {
			isa = PBXNativeTarget;
			buildConfigurationList = 9EBF058D1B22E96700241111 /* Build configuration list for PBXNativeTarget "WorldNewsTests" */;
			buildPhases = (
				9EBF057C1B22E96700241111 /* Sources */,
				9EBF057D1B22E96700241111 /* Frameworks */,
				9EBF057E1B22E96700241111 /* Resources */,
			);
			buildRules = (
			);
			dependencies = (
				9EBF05821B22E96700241111 /* PBXTargetDependency */,
			);
			name = WorldNewsTests;
			productName = WorldNewsTests;
			productReference = 9EBF05801B22E96700241111 /* WorldNewsTests.xctest */;
			productType = "com.apple.product-type.bundle.unit-test";
		};
/* End PBXNativeTarget section */

/* Begin PBXProject section */
		9EBF05631B22E96700241111 /* Project object */ = {
			isa = PBXProject;
			attributes = {
				LastSwiftUpdateCheck = 0700;
				LastUpgradeCheck = 0710;
				ORGANIZATIONNAME = Wasabilabs;
				TargetAttributes = {
					9EBF056A1B22E96700241111 = {
						CreatedOnToolsVersion = 6.3.1;
					};
					9EBF057F1B22E96700241111 = {
						CreatedOnToolsVersion = 6.3.1;
						TestTargetID = 9EBF056A1B22E96700241111;
					};
				};
			};
			buildConfigurationList = 9EBF05661B22E96700241111 /* Build configuration list for PBXProject "WorldNews" */;
			compatibilityVersion = "Xcode 3.2";
			developmentRegion = English;
			hasScannedForEncodings = 0;
			knownRegions = (
				en,
				Base,
			);
			mainGroup = 9EBF05621B22E96700241111;
			productRefGroup = 9EBF056C1B22E96700241111 /* Products */;
			projectDirPath = "";
			projectRoot = "";
			targets = (
				9EBF056A1B22E96700241111 /* WorldNews */,
				9EBF057F1B22E96700241111 /* WorldNewsTests */,
			);
		};
/* End PBXProject section */

/* Begin PBXResourcesBuildPhase section */
		9EBF05691B22E96700241111 /* Resources */ = {
			isa = PBXResourcesBuildPhase;
			buildActionMask = 2147483647;
			files = (
				9EBF05761B22E96700241111 /* Main.storyboard in Resources */,
				9EA083A91BFBBAFB00EA0B69 /* NY Newswire API.rtf in Resources */,
				9E3DA6311C5E09E500613DCA /* Cartfile in Resources */,
				9EBF05781B22E96700241111 /* Images.xcassets in Resources */,
			);
			runOnlyForDeploymentPostprocessing = 0;
		};
		9EBF057E1B22E96700241111 /* Resources */ = {
			isa = PBXResourcesBuildPhase;
			buildActionMask = 2147483647;
			files = (
			);
			runOnlyForDeploymentPostprocessing = 0;
		};
/* End PBXResourcesBuildPhase section */

/* Begin PBXShellScriptBuildPhase section */
		9E0BD0DF1C53F58C007BEACC /* Carthage */ = {
			isa = PBXShellScriptBuildPhase;
			buildActionMask = 2147483647;
			files = (
			);
			inputPaths = (
				"$(SRCROOT)/Carthage/Build/iOS/Alamofire.framework",
				"$(SRCROOT)/Carthage/Build/iOS/AlamofireObjectMapper.framework",
				"$(SRCROOT)/Carthage/Build/iOS/ObjectMapper.framework",
				"$(SRCROOT)/Carthage/Build/iOS/RxBlocking.framework",
				"$(SRCROOT)/Carthage/Build/iOS/RxCocoa.framework",
				"$(SRCROOT)/Carthage/Build/iOS/RxSwift.framework",
				"$(SRCROOT)/Carthage/Build/iOS/RxTests.framework",
				"$(SRCROOT)/Carthage/Build/iOS/AwesomeCache.framework",
				"$(SRCROOT)/Carthage/Build/iOS/Kingfisher.framework",
			);
			name = Carthage;
			outputPaths = (
			);
			runOnlyForDeploymentPostprocessing = 0;
			shellPath = /bin/sh;
			shellScript = "/usr/local/bin/carthage copy-frameworks";
		};
/* End PBXShellScriptBuildPhase section */

/* Begin PBXSourcesBuildPhase section */
		9EBF05671B22E96700241111 /* Sources */ = {
			isa = PBXSourcesBuildPhase;
			buildActionMask = 2147483647;
			files = (
				9E06D6501B255E920033AA4E /* Communications.swift in Sources */,
				9E52C0601C6CF66A003E7C4A /* ImageFilter.swift in Sources */,
				9EB719C41C10DF8500F922C1 /* NYResponse.swift in Sources */,
				9EAC25001C13679E008128B8 /* ArticleListController.swift in Sources */,
				9E9A0BA91C51729D0038FB47 /* ArrayExtension.swift in Sources */,
				9EBF05931B22EBF800241111 /* Article.swift in Sources */,
				9EA083A51BFB097900EA0B69 /* Identifiers.swift in Sources */,
				9EBF05941B22EBF800241111 /* ArticleTableView.swift in Sources */,
				9E06D6521B2561EA0033AA4E /* ArticleListCell.swift in Sources */,
				9EBF05951B22EBF800241111 /* Configuration.swift in Sources */,
				9EBF05711B22E96700241111 /* AppDelegate.swift in Sources */,
				9EE99F931CA6B6590090F845 /* Documentation.md in Sources */,
				9E06D64D1B243BC80033AA4E /* Media.swift in Sources */,
				9EEB5A381C20A8AD00184AA9 /* ArticleDetailViewController.swift in Sources */,
			);
			runOnlyForDeploymentPostprocessing = 0;
		};
		9EBF057C1B22E96700241111 /* Sources */ = {
			isa = PBXSourcesBuildPhase;
			buildActionMask = 2147483647;
			files = (
				9E9A0BAC1C51740B0038FB47 /* ArrayExtension.swift in Sources */,
				9E9A0BAB1C51732D0038FB47 /* ArrayExtensionTest.swift in Sources */,
			);
			runOnlyForDeploymentPostprocessing = 0;
		};
/* End PBXSourcesBuildPhase section */

/* Begin PBXTargetDependency section */
		9EBF05821B22E96700241111 /* PBXTargetDependency */ = {
			isa = PBXTargetDependency;
			target = 9EBF056A1B22E96700241111 /* WorldNews */;
			targetProxy = 9EBF05811B22E96700241111 /* PBXContainerItemProxy */;
		};
/* End PBXTargetDependency section */

/* Begin PBXVariantGroup section */
		9EBF05741B22E96700241111 /* Main.storyboard */ = {
			isa = PBXVariantGroup;
			children = (
				9EBF05751B22E96700241111 /* Base */,
			);
			name = Main.storyboard;
			sourceTree = "<group>";
		};
/* End PBXVariantGroup section */

/* Begin XCBuildConfiguration section */
		9EBF05881B22E96700241111 /* Debug */ = {
			isa = XCBuildConfiguration;
			buildSettings = {
				ALWAYS_SEARCH_USER_PATHS = NO;
				CLANG_CXX_LANGUAGE_STANDARD = "gnu++0x";
				CLANG_CXX_LIBRARY = "libc++";
				CLANG_ENABLE_MODULES = YES;
				CLANG_ENABLE_OBJC_ARC = YES;
				CLANG_WARN_BOOL_CONVERSION = YES;
				CLANG_WARN_CONSTANT_CONVERSION = YES;
				CLANG_WARN_DIRECT_OBJC_ISA_USAGE = YES_ERROR;
				CLANG_WARN_EMPTY_BODY = YES;
				CLANG_WARN_ENUM_CONVERSION = YES;
				CLANG_WARN_INT_CONVERSION = YES;
				CLANG_WARN_OBJC_ROOT_CLASS = YES_ERROR;
				CLANG_WARN_UNREACHABLE_CODE = YES;
				CLANG_WARN__DUPLICATE_METHOD_MATCH = YES;
				"CODE_SIGN_IDENTITY[sdk=iphoneos*]" = "iPhone Developer";
				COPY_PHASE_STRIP = NO;
				DEBUG_INFORMATION_FORMAT = "dwarf-with-dsym";
				ENABLE_STRICT_OBJC_MSGSEND = YES;
				ENABLE_TESTABILITY = YES;
				GCC_C_LANGUAGE_STANDARD = gnu99;
				GCC_DYNAMIC_NO_PIC = NO;
				GCC_NO_COMMON_BLOCKS = YES;
				GCC_OPTIMIZATION_LEVEL = 0;
				GCC_PREPROCESSOR_DEFINITIONS = (
					"DEBUG=1",
					"$(inherited)",
				);
				GCC_SYMBOLS_PRIVATE_EXTERN = NO;
				GCC_WARN_64_TO_32_BIT_CONVERSION = YES;
				GCC_WARN_ABOUT_RETURN_TYPE = YES_ERROR;
				GCC_WARN_UNDECLARED_SELECTOR = YES;
				GCC_WARN_UNINITIALIZED_AUTOS = YES_AGGRESSIVE;
				GCC_WARN_UNUSED_FUNCTION = YES;
				GCC_WARN_UNUSED_VARIABLE = YES;
				IPHONEOS_DEPLOYMENT_TARGET = 8.3;
				MTL_ENABLE_DEBUG_INFO = YES;
				ONLY_ACTIVE_ARCH = YES;
				SDKROOT = iphoneos;
				SWIFT_OPTIMIZATION_LEVEL = "-Onone";
			};
			name = Debug;
		};
		9EBF05891B22E96700241111 /* Release */ = {
			isa = XCBuildConfiguration;
			buildSettings = {
				ALWAYS_SEARCH_USER_PATHS = NO;
				CLANG_CXX_LANGUAGE_STANDARD = "gnu++0x";
				CLANG_CXX_LIBRARY = "libc++";
				CLANG_ENABLE_MODULES = YES;
				CLANG_ENABLE_OBJC_ARC = YES;
				CLANG_WARN_BOOL_CONVERSION = YES;
				CLANG_WARN_CONSTANT_CONVERSION = YES;
				CLANG_WARN_DIRECT_OBJC_ISA_USAGE = YES_ERROR;
				CLANG_WARN_EMPTY_BODY = YES;
				CLANG_WARN_ENUM_CONVERSION = YES;
				CLANG_WARN_INT_CONVERSION = YES;
				CLANG_WARN_OBJC_ROOT_CLASS = YES_ERROR;
				CLANG_WARN_UNREACHABLE_CODE = YES;
				CLANG_WARN__DUPLICATE_METHOD_MATCH = YES;
				"CODE_SIGN_IDENTITY[sdk=iphoneos*]" = "iPhone Developer";
				COPY_PHASE_STRIP = NO;
				DEBUG_INFORMATION_FORMAT = "dwarf-with-dsym";
				ENABLE_NS_ASSERTIONS = NO;
				ENABLE_STRICT_OBJC_MSGSEND = YES;
				GCC_C_LANGUAGE_STANDARD = gnu99;
				GCC_NO_COMMON_BLOCKS = YES;
				GCC_WARN_64_TO_32_BIT_CONVERSION = YES;
				GCC_WARN_ABOUT_RETURN_TYPE = YES_ERROR;
				GCC_WARN_UNDECLARED_SELECTOR = YES;
				GCC_WARN_UNINITIALIZED_AUTOS = YES_AGGRESSIVE;
				GCC_WARN_UNUSED_FUNCTION = YES;
				GCC_WARN_UNUSED_VARIABLE = YES;
				IPHONEOS_DEPLOYMENT_TARGET = 8.3;
				MTL_ENABLE_DEBUG_INFO = NO;
				SDKROOT = iphoneos;
				VALIDATE_PRODUCT = YES;
			};
			name = Release;
		};
		9EBF058B1B22E96700241111 /* Debug */ = {
			isa = XCBuildConfiguration;
			buildSettings = {
				ASSETCATALOG_COMPILER_APPICON_NAME = AppIcon;
				ENABLE_BITCODE = NO;
				FRAMEWORK_SEARCH_PATHS = (
					"$(inherited)",
					"$(PROJECT_DIR)/Carthage/Build/iOS",
				);
				INFOPLIST_FILE = WorldNews/Info.plist;
				IPHONEOS_DEPLOYMENT_TARGET = 8.0;
				LD_RUNPATH_SEARCH_PATHS = "$(inherited) @executable_path/Frameworks";
				PRODUCT_BUNDLE_IDENTIFIER = "com.wasabilabs.$(PRODUCT_NAME:rfc1034identifier)";
				PRODUCT_NAME = "$(TARGET_NAME)";
			};
			name = Debug;
		};
		9EBF058C1B22E96700241111 /* Release */ = {
			isa = XCBuildConfiguration;
			buildSettings = {
				ASSETCATALOG_COMPILER_APPICON_NAME = AppIcon;
				ENABLE_BITCODE = NO;
				FRAMEWORK_SEARCH_PATHS = (
					"$(inherited)",
					"$(PROJECT_DIR)/Carthage/Build/iOS",
				);
				INFOPLIST_FILE = WorldNews/Info.plist;
				IPHONEOS_DEPLOYMENT_TARGET = 8.0;
				LD_RUNPATH_SEARCH_PATHS = "$(inherited) @executable_path/Frameworks";
				PRODUCT_BUNDLE_IDENTIFIER = "com.wasabilabs.$(PRODUCT_NAME:rfc1034identifier)";
				PRODUCT_NAME = "$(TARGET_NAME)";
			};
			name = Release;
		};
		9EBF058E1B22E96700241111 /* Debug */ = {
			isa = XCBuildConfiguration;
			buildSettings = {
				BUNDLE_LOADER = "$(TEST_HOST)";
				FRAMEWORK_SEARCH_PATHS = (
					"$(SDKROOT)/Developer/Library/Frameworks",
					"$(inherited)",
				);
				GCC_PREPROCESSOR_DEFINITIONS = (
					"DEBUG=1",
					"$(inherited)",
				);
				INFOPLIST_FILE = WorldNewsTests/Info.plist;
				LD_RUNPATH_SEARCH_PATHS = "$(inherited) @executable_path/Frameworks @loader_path/Frameworks";
				PRODUCT_BUNDLE_IDENTIFIER = "com.wasabilabs.$(PRODUCT_NAME:rfc1034identifier)";
				PRODUCT_NAME = "$(TARGET_NAME)";
				TEST_HOST = "$(BUILT_PRODUCTS_DIR)/WorldNews.app/WorldNews";
			};
			name = Debug;
		};
		9EBF058F1B22E96700241111 /* Release */ = {
			isa = XCBuildConfiguration;
			buildSettings = {
				BUNDLE_LOADER = "$(TEST_HOST)";
				FRAMEWORK_SEARCH_PATHS = (
					"$(SDKROOT)/Developer/Library/Frameworks",
					"$(inherited)",
				);
				INFOPLIST_FILE = WorldNewsTests/Info.plist;
				LD_RUNPATH_SEARCH_PATHS = "$(inherited) @executable_path/Frameworks @loader_path/Frameworks";
				PRODUCT_BUNDLE_IDENTIFIER = "com.wasabilabs.$(PRODUCT_NAME:rfc1034identifier)";
				PRODUCT_NAME = "$(TARGET_NAME)";
				TEST_HOST = "$(BUILT_PRODUCTS_DIR)/WorldNews.app/WorldNews";
			};
			name = Release;
		};
/* End XCBuildConfiguration section */

/* Begin XCConfigurationList section */
		9EBF05661B22E96700241111 /* Build configuration list for PBXProject "WorldNews" */ = {
			isa = XCConfigurationList;
			buildConfigurations = (
				9EBF05881B22E96700241111 /* Debug */,
				9EBF05891B22E96700241111 /* Release */,
			);
			defaultConfigurationIsVisible = 0;
			defaultConfigurationName = Release;
		};
		9EBF058A1B22E96700241111 /* Build configuration list for PBXNativeTarget "WorldNews" */ = {
			isa = XCConfigurationList;
			buildConfigurations = (
				9EBF058B1B22E96700241111 /* Debug */,
				9EBF058C1B22E96700241111 /* Release */,
			);
			defaultConfigurationIsVisible = 0;
			defaultConfigurationName = Release;
		};
		9EBF058D1B22E96700241111 /* Build configuration list for PBXNativeTarget "WorldNewsTests" */ = {
			isa = XCConfigurationList;
			buildConfigurations = (
				9EBF058E1B22E96700241111 /* Debug */,
				9EBF058F1B22E96700241111 /* Release */,
			);
			defaultConfigurationIsVisible = 0;
			defaultConfigurationName = Release;
		};
/* End XCConfigurationList section */
	};
	rootObject = 9EBF05631B22E96700241111 /* Project object */;
}
